PODS:
  - Alamofire (4.8.2)
  - RxAlamofire (4.4.0):
    - RxAlamofire/Core (= 4.4.0)
  - RxAlamofire/Core (4.4.0):
    - Alamofire (~> 4.8)
    - RxSwift (~> 4.4)
  - RxAtomic (4.4.2)
  - RxSwift (4.4.2):
    - RxAtomic (>= 4.4.2, ~> 4.4)
  - SwiftyJSON (4.2.0)

DEPENDENCIES:
  - Alamofire
  - RxAlamofire
  - RxSwift
  - SwiftyJSON (~> 4.0)

SPEC REPOS:
  https://github.com/cocoapods/specs.git:
    - Alamofire
    - RxAlamofire
    - RxAtomic
    - RxSwift
    - SwiftyJSON

SPEC CHECKSUMS:
  Alamofire: ae5c501addb7afdbb13687d7f2f722c78734c2d3
  RxAlamofire: ecc5e458ee11250938d23360179eb3a37cd3ee1e
  RxAtomic: d00e97c10db88c6f08540e0bf2752fc5a2404167
  RxSwift: 74c29b693c8e42b0f64400e8b06564575742d649
  SwiftyJSON: c4bcba26dd9ec7a027fc8eade48e2c911f229e96

PODFILE CHECKSUM: 38be2c646c9f3ea72a0149b7c8c750c5bf7a810a

COCOAPODS: 1.7.0.beta.2
